
Microsoft Visual Studio Solution File, Format Version 12.00
# Visual Studio 15
VisualStudioVersion = 15.0.28010.2050
MinimumVisualStudioVersion = 10.0.40219.1
Project("{FAE04EC0-301F-11D3-BF4B-00C04F79EFBC}") = "MVVM.Android", "MVVM\MVVM.Android\MVVM.Android.csproj", "{4527A600-5B8E-4D82-B55E-DD4EDF06409F}"
EndProject
Project("{FAE04EC0-301F-11D3-BF4B-00C04F79EFBC}") = "MVVM.iOS", "MVVM\MVVM.iOS\MVVM.iOS.csproj", "{41B4E0BA-7582-49D0-8C1E-1D617E69BE34}"
EndProject
Project("{FAE04EC0-301F-11D3-BF4B-00C04F79EFBC}") = "MVVM.UWP", "MVVM\MVVM.UWP\MVVM.UWP.csproj", "{857D58FF-C25D-4A17-A541-AD260548C65D}"
EndProject
Project("{FAE04EC0-301F-11D3-BF4B-00C04F79EFBC}") = "MVVM", "MVVM\MVVM\MVVM.csproj", "{E0B16A54-3075-426C-839D-6C0899D5AEE0}"
EndProject
Project("{2150E333-8FDC-42A3-9474-1A3956D46DE8}") = "Platforms", "Platforms", "{A1071FA2-D2CD-42B2-9FDB-A1B57BEDB351}"
EndProject
Global
	GlobalSection(SolutionConfigurationPlatforms) = preSolution
		Ad-Hoc|Any CPU = Ad-Hoc|Any CPU
		Ad-Hoc|ARM = Ad-Hoc|ARM
		Ad-Hoc|iPhone = Ad-Hoc|iPhone
		Ad-Hoc|iPhoneSimulator = Ad-Hoc|iPhoneSimulator
		Ad-Hoc|x64 = Ad-Hoc|x64
		Ad-Hoc|x86 = Ad-Hoc|x86
		AppStore|Any CPU = AppStore|Any CPU
		AppStore|ARM = AppStore|ARM
		AppStore|iPhone = AppStore|iPhone
		AppStore|iPhoneSimulator = AppStore|iPhoneSimulator
		AppStore|x64 = AppStore|x64
		AppStore|x86 = AppStore|x86
		Debug|Any CPU = Debug|Any CPU
		Debug|ARM = Debug|ARM
		Debug|iPhone = Debug|iPhone
		Debug|iPhoneSimulator = Debug|iPhoneSimulator
		Debug|x64 = Debug|x64
		Debug|x86 = Debug|x86
		Release|Any CPU = Release|Any CPU
		Release|ARM = Release|ARM
		Release|iPhone = Release|iPhone
		Release|iPhoneSimulator = Release|iPhoneSimulator
		Release|x64 = Release|x64
		Release|x86 = Release|x86
	EndGlobalSection
	GlobalSection(ProjectConfigurationPlatforms) = postSolution
		{4527A600-5B8E-4D82-B55E-DD4EDF06409F}.Ad-Hoc|Any CPU.ActiveCfg = Release|Any CPU
		{4527A600-5B8E-4D82-B55E-DD4EDF06409F}.Ad-Hoc|Any CPU.Build.0 = Release|Any CPU
		{4527A600-5B8E-4D82-B55E-DD4EDF06409F}.Ad-Hoc|Any CPU.Deploy.0 = Release|Any CPU
		{4527A600-5B8E-4D82-B55E-DD4EDF06409F}.Ad-Hoc|ARM.ActiveCfg = Release|Any CPU
		{4527A600-5B8E-4D82-B55E-DD4EDF06409F}.Ad-Hoc|ARM.Build.0 = Release|Any CPU
		{4527A600-5B8E-4D82-B55E-DD4EDF06409F}.Ad-Hoc|ARM.Deploy.0 = Release|Any CPU
		{4527A600-5B8E-4D82-B55E-DD4EDF06409F}.Ad-Hoc|iPhone.ActiveCfg = Release|Any CPU
		{4527A600-5B8E-4D82-B55E-DD4EDF06409F}.Ad-Hoc|iPhone.Build.0 = Release|Any CPU
		{4527A600-5B8E-4D82-B55E-DD4EDF06409F}.Ad-Hoc|iPhone.Deploy.0 = Release|Any CPU
		{4527A600-5B8E-4D82-B55E-DD4EDF06409F}.Ad-Hoc|iPhoneSimulator.ActiveCfg = Release|Any CPU
		{4527A600-5B8E-4D82-B55E-DD4EDF06409F}.Ad-Hoc|iPhoneSimulator.Build.0 = Release|Any CPU
		{4527A600-5B8E-4D82-B55E-DD4EDF06409F}.Ad-Hoc|iPhoneSimulator.Deploy.0 = Release|Any CPU
		{4527A600-5B8E-4D82-B55E-DD4EDF06409F}.Ad-Hoc|x64.ActiveCfg = Release|Any CPU
		{4527A600-5B8E-4D82-B55E-DD4EDF06409F}.Ad-Hoc|x64.Build.0 = Release|Any CPU
		{4527A600-5B8E-4D82-B55E-DD4EDF06409F}.Ad-Hoc|x64.Deploy.0 = Release|Any CPU
		{4527A600-5B8E-4D82-B55E-DD4EDF06409F}.Ad-Hoc|x86.ActiveCfg = Release|Any CPU
		{4527A600-5B8E-4D82-B55E-DD4EDF06409F}.Ad-Hoc|x86.Build.0 = Release|Any CPU
		{4527A600-5B8E-4D82-B55E-DD4EDF06409F}.Ad-Hoc|x86.Deploy.0 = Release|Any CPU
		{4527A600-5B8E-4D82-B55E-DD4EDF06409F}.AppStore|Any CPU.ActiveCfg = Release|Any CPU
		{4527A600-5B8E-4D82-B55E-DD4EDF06409F}.AppStore|Any CPU.Build.0 = Release|Any CPU
		{4527A600-5B8E-4D82-B55E-DD4EDF06409F}.AppStore|Any CPU.Deploy.0 = Release|Any CPU
		{4527A600-5B8E-4D82-B55E-DD4EDF06409F}.AppStore|ARM.ActiveCfg = Release|Any CPU
		{4527A600-5B8E-4D82-B55E-DD4EDF06409F}.AppStore|ARM.Build.0 = Release|Any CPU
		{4527A600-5B8E-4D82-B55E-DD4EDF06409F}.AppStore|ARM.Deploy.0 = Release|Any CPU
		{4527A600-5B8E-4D82-B55E-DD4EDF06409F}.AppStore|iPhone.ActiveCfg = Release|Any CPU
		{4527A600-5B8E-4D82-B55E-DD4EDF06409F}.AppStore|iPhone.Build.0 = Release|Any CPU
		{4527A600-5B8E-4D82-B55E-DD4EDF06409F}.AppStore|iPhone.Deploy.0 = Release|Any CPU
		{4527A600-5B8E-4D82-B55E-DD4EDF06409F}.AppStore|iPhoneSimulator.ActiveCfg = Release|Any CPU
		{4527A600-5B8E-4D82-B55E-DD4EDF06409F}.AppStore|iPhoneSimulator.Build.0 = Release|Any CPU
		{4527A600-5B8E-4D82-B55E-DD4EDF06409F}.AppStore|iPhoneSimulator.Deploy.0 = Release|Any CPU
		{4527A600-5B8E-4D82-B55E-DD4EDF06409F}.AppStore|x64.ActiveCfg = Release|Any CPU
		{4527A600-5B8E-4D82-B55E-DD4EDF06409F}.AppStore|x64.Build.0 = Release|Any CPU
		{4527A600-5B8E-4D82-B55E-DD4EDF06409F}.AppStore|x64.Deploy.0 = Release|Any CPU
		{4527A600-5B8E-4D82-B55E-DD4EDF06409F}.AppStore|x86.ActiveCfg = Release|Any CPU
		{4527A600-5B8E-4D82-B55E-DD4EDF06409F}.AppStore|x86.Build.0 = Release|Any CPU
		{4527A600-5B8E-4D82-B55E-DD4EDF06409F}.AppStore|x86.Deploy.0 = Release|Any CPU
		{4527A600-5B8E-4D82-B55E-DD4EDF06409F}.Debug|Any CPU.ActiveCfg = Debug|Any CPU
		{4527A600-5B8E-4D82-B55E-DD4EDF06409F}.Debug|Any CPU.Build.0 = Debug|Any CPU
		{4527A600-5B8E-4D82-B55E-DD4EDF06409F}.Debug|Any CPU.Deploy.0 = Debug|Any CPU
		{4527A600-5B8E-4D82-B55E-DD4EDF06409F}.Debug|ARM.ActiveCfg = Debug|Any CPU
		{4527A600-5B8E-4D82-B55E-DD4EDF06409F}.Debug|ARM.Build.0 = Debug|Any CPU
		{4527A600-5B8E-4D82-B55E-DD4EDF06409F}.Debug|ARM.Deploy.0 = Debug|Any CPU
		{4527A600-5B8E-4D82-B55E-DD4EDF06409F}.Debug|iPhone.ActiveCfg = Debug|Any CPU
		{4527A600-5B8E-4D82-B55E-DD4EDF06409F}.Debug|iPhone.Build.0 = Debug|Any CPU
		{4527A600-5B8E-4D82-B55E-DD4EDF06409F}.Debug|iPhone.Deploy.0 = Debug|Any CPU
		{4527A600-5B8E-4D82-B55E-DD4EDF06409F}.Debug|iPhoneSimulator.ActiveCfg = Debug|Any CPU
		{4527A600-5B8E-4D82-B55E-DD4EDF06409F}.Debug|iPhoneSimulator.Build.0 = Debug|Any CPU
		{4527A600-5B8E-4D82-B55E-DD4EDF06409F}.Debug|iPhoneSimulator.Deploy.0 = Debug|Any CPU
		{4527A600-5B8E-4D82-B55E-DD4EDF06409F}.Debug|x64.ActiveCfg = Debug|Any CPU
		{4527A600-5B8E-4D82-B55E-DD4EDF06409F}.Debug|x64.Build.0 = Debug|Any CPU
		{4527A600-5B8E-4D82-B55E-DD4EDF06409F}.Debug|x64.Deploy.0 = Debug|Any CPU
		{4527A600-5B8E-4D82-B55E-DD4EDF06409F}.Debug|x86.ActiveCfg = Debug|Any CPU
		{4527A600-5B8E-4D82-B55E-DD4EDF06409F}.Debug|x86.Build.0 = Debug|Any CPU
		{4527A600-5B8E-4D82-B55E-DD4EDF06409F}.Debug|x86.Deploy.0 = Debug|Any CPU
		{4527A600-5B8E-4D82-B55E-DD4EDF06409F}.Release|Any CPU.ActiveCfg = Release|Any CPU
		{4527A600-5B8E-4D82-B55E-DD4EDF06409F}.Release|Any CPU.Build.0 = Release|Any CPU
		{4527A600-5B8E-4D82-B55E-DD4EDF06409F}.Release|Any CPU.Deploy.0 = Release|Any CPU
		{4527A600-5B8E-4D82-B55E-DD4EDF06409F}.Release|ARM.ActiveCfg = Release|Any CPU
		{4527A600-5B8E-4D82-B55E-DD4EDF06409F}.Release|ARM.Build.0 = Release|Any CPU
		{4527A600-5B8E-4D82-B55E-DD4EDF06409F}.Release|ARM.Deploy.0 = Release|Any CPU
		{4527A600-5B8E-4D82-B55E-DD4EDF06409F}.Release|iPhone.ActiveCfg = Release|Any CPU
		{4527A600-5B8E-4D82-B55E-DD4EDF06409F}.Release|iPhone.Build.0 = Release|Any CPU
		{4527A600-5B8E-4D82-B55E-DD4EDF06409F}.Release|iPhone.Deploy.0 = Release|Any CPU
		{4527A600-5B8E-4D82-B55E-DD4EDF06409F}.Release|iPhoneSimulator.ActiveCfg = Release|Any CPU
		{4527A600-5B8E-4D82-B55E-DD4EDF06409F}.Release|iPhoneSimulator.Build.0 = Release|Any CPU
		{4527A600-5B8E-4D82-B55E-DD4EDF06409F}.Release|iPhoneSimulator.Deploy.0 = Release|Any CPU
		{4527A600-5B8E-4D82-B55E-DD4EDF06409F}.Release|x64.ActiveCfg = Release|Any CPU
		{4527A600-5B8E-4D82-B55E-DD4EDF06409F}.Release|x64.Build.0 = Release|Any CPU
		{4527A600-5B8E-4D82-B55E-DD4EDF06409F}.Release|x64.Deploy.0 = Release|Any CPU
		{4527A600-5B8E-4D82-B55E-DD4EDF06409F}.Release|x86.ActiveCfg = Release|Any CPU
		{4527A600-5B8E-4D82-B55E-DD4EDF06409F}.Release|x86.Build.0 = Release|Any CPU
		{4527A600-5B8E-4D82-B55E-DD4EDF06409F}.Release|x86.Deploy.0 = Release|Any CPU
		{41B4E0BA-7582-49D0-8C1E-1D617E69BE34}.Ad-Hoc|Any CPU.ActiveCfg = Ad-Hoc|iPhone
		{41B4E0BA-7582-49D0-8C1E-1D617E69BE34}.Ad-Hoc|Any CPU.Build.0 = Ad-Hoc|iPhone
		{41B4E0BA-7582-49D0-8C1E-1D617E69BE34}.Ad-Hoc|Any CPU.Deploy.0 = Ad-Hoc|iPhone
		{41B4E0BA-7582-49D0-8C1E-1D617E69BE34}.Ad-Hoc|ARM.ActiveCfg = Ad-Hoc|iPhone
		{41B4E0BA-7582-49D0-8C1E-1D617E69BE34}.Ad-Hoc|ARM.Build.0 = Ad-Hoc|iPhone
		{41B4E0BA-7582-49D0-8C1E-1D617E69BE34}.Ad-Hoc|ARM.Deploy.0 = Ad-Hoc|iPhone
		{41B4E0BA-7582-49D0-8C1E-1D617E69BE34}.Ad-Hoc|iPhone.ActiveCfg = Ad-Hoc|iPhone
		{41B4E0BA-7582-49D0-8C1E-1D617E69BE34}.Ad-Hoc|iPhone.Build.0 = Ad-Hoc|iPhone
		{41B4E0BA-7582-49D0-8C1E-1D617E69BE34}.Ad-Hoc|iPhone.Deploy.0 = Ad-Hoc|iPhone
		{41B4E0BA-7582-49D0-8C1E-1D617E69BE34}.Ad-Hoc|iPhoneSimulator.ActiveCfg = Ad-Hoc|iPhoneSimulator
		{41B4E0BA-7582-49D0-8C1E-1D617E69BE34}.Ad-Hoc|iPhoneSimulator.Build.0 = Ad-Hoc|iPhoneSimulator
		{41B4E0BA-7582-49D0-8C1E-1D617E69BE34}.Ad-Hoc|iPhoneSimulator.Deploy.0 = Ad-Hoc|iPhoneSimulator
		{41B4E0BA-7582-49D0-8C1E-1D617E69BE34}.Ad-Hoc|x64.ActiveCfg = Ad-Hoc|iPhone
		{41B4E0BA-7582-49D0-8C1E-1D617E69BE34}.Ad-Hoc|x64.Build.0 = Ad-Hoc|iPhone
		{41B4E0BA-7582-49D0-8C1E-1D617E69BE34}.Ad-Hoc|x64.Deploy.0 = Ad-Hoc|iPhone
		{41B4E0BA-7582-49D0-8C1E-1D617E69BE34}.Ad-Hoc|x86.ActiveCfg = Ad-Hoc|iPhone
		{41B4E0BA-7582-49D0-8C1E-1D617E69BE34}.Ad-Hoc|x86.Build.0 = Ad-Hoc|iPhone
		{41B4E0BA-7582-49D0-8C1E-1D617E69BE34}.Ad-Hoc|x86.Deploy.0 = Ad-Hoc|iPhone
		{41B4E0BA-7582-49D0-8C1E-1D617E69BE34}.AppStore|Any CPU.ActiveCfg = AppStore|iPhone
		{41B4E0BA-7582-49D0-8C1E-1D617E69BE34}.AppStore|Any CPU.Build.0 = AppStore|iPhone
		{41B4E0BA-7582-49D0-8C1E-1D617E69BE34}.AppStore|Any CPU.Deploy.0 = AppStore|iPhone
		{41B4E0BA-7582-49D0-8C1E-1D617E69BE34}.AppStore|ARM.ActiveCfg = AppStore|iPhone
		{41B4E0BA-7582-49D0-8C1E-1D617E69BE34}.AppStore|ARM.Build.0 = AppStore|iPhone
		{41B4E0BA-7582-49D0-8C1E-1D617E69BE34}.AppStore|ARM.Deploy.0 = AppStore|iPhone
		{41B4E0BA-7582-49D0-8C1E-1D617E69BE34}.AppStore|iPhone.ActiveCfg = AppStore|iPhone
		{41B4E0BA-7582-49D0-8C1E-1D617E69BE34}.AppStore|iPhone.Build.0 = AppStore|iPhone
		{41B4E0BA-7582-49D0-8C1E-1D617E69BE34}.AppStore|iPhone.Deploy.0 = AppStore|iPhone
		{41B4E0BA-7582-49D0-8C1E-1D617E69BE34}.AppStore|iPhoneSimulator.ActiveCfg = AppStore|iPhoneSimulator
		{41B4E0BA-7582-49D0-8C1E-1D617E69BE34}.AppStore|iPhoneSimulator.Build.0 = AppStore|iPhoneSimulator
		{41B4E0BA-7582-49D0-8C1E-1D617E69BE34}.AppStore|iPhoneSimulator.Deploy.0 = AppStore|iPhoneSimulator
		{41B4E0BA-7582-49D0-8C1E-1D617E69BE34}.AppStore|x64.ActiveCfg = AppStore|iPhone
		{41B4E0BA-7582-49D0-8C1E-1D617E69BE34}.AppStore|x64.Build.0 = AppStore|iPhone
		{41B4E0BA-7582-49D0-8C1E-1D617E69BE34}.AppStore|x64.Deploy.0 = AppStore|iPhone
		{41B4E0BA-7582-49D0-8C1E-1D617E69BE34}.AppStore|x86.ActiveCfg = AppStore|iPhone
		{41B4E0BA-7582-49D0-8C1E-1D617E69BE34}.AppStore|x86.Build.0 = AppStore|iPhone
		{41B4E0BA-7582-49D0-8C1E-1D617E69BE34}.AppStore|x86.Deploy.0 = AppStore|iPhone
		{41B4E0BA-7582-49D0-8C1E-1D617E69BE34}.Debug|Any CPU.ActiveCfg = Debug|iPhoneSimulator
		{41B4E0BA-7582-49D0-8C1E-1D617E69BE34}.Debug|Any CPU.Build.0 = Debug|iPhoneSimulator
		{41B4E0BA-7582-49D0-8C1E-1D617E69BE34}.Debug|Any CPU.Deploy.0 = Debug|iPhoneSimulator
		{41B4E0BA-7582-49D0-8C1E-1D617E69BE34}.Debug|ARM.ActiveCfg = Debug|iPhone
		{41B4E0BA-7582-49D0-8C1E-1D617E69BE34}.Debug|ARM.Build.0 = Debug|iPhone
		{41B4E0BA-7582-49D0-8C1E-1D617E69BE34}.Debug|ARM.Deploy.0 = Debug|iPhone
		{41B4E0BA-7582-49D0-8C1E-1D617E69BE34}.Debug|iPhone.ActiveCfg = Debug|iPhone
		{41B4E0BA-7582-49D0-8C1E-1D617E69BE34}.Debug|iPhone.Build.0 = Debug|iPhone
		{41B4E0BA-7582-49D0-8C1E-1D617E69BE34}.Debug|iPhone.Deploy.0 = Debug|iPhone
		{41B4E0BA-7582-49D0-8C1E-1D617E69BE34}.Debug|iPhoneSimulator.ActiveCfg = Debug|iPhoneSimulator
		{41B4E0BA-7582-49D0-8C1E-1D617E69BE34}.Debug|iPhoneSimulator.Build.0 = Debug|iPhoneSimulator
		{41B4E0BA-7582-49D0-8C1E-1D617E69BE34}.Debug|iPhoneSimulator.Deploy.0 = Debug|iPhoneSimulator
		{41B4E0BA-7582-49D0-8C1E-1D617E69BE34}.Debug|x64.ActiveCfg = Debug|iPhone
		{41B4E0BA-7582-49D0-8C1E-1D617E69BE34}.Debug|x64.Build.0 = Debug|iPhone
		{41B4E0BA-7582-49D0-8C1E-1D617E69BE34}.Debug|x64.Deploy.0 = Debug|iPhone
		{41B4E0BA-7582-49D0-8C1E-1D617E69BE34}.Debug|x86.ActiveCfg = Debug|iPhone
		{41B4E0BA-7582-49D0-8C1E-1D617E69BE34}.Debug|x86.Build.0 = Debug|iPhone
		{41B4E0BA-7582-49D0-8C1E-1D617E69BE34}.Debug|x86.Deploy.0 = Debug|iPhone
		{41B4E0BA-7582-49D0-8C1E-1D617E69BE34}.Release|Any CPU.ActiveCfg = Release|iPhone
		{41B4E0BA-7582-49D0-8C1E-1D617E69BE34}.Release|Any CPU.Build.0 = Release|iPhone
		{41B4E0BA-7582-49D0-8C1E-1D617E69BE34}.Release|Any CPU.Deploy.0 = Release|iPhone
		{41B4E0BA-7582-49D0-8C1E-1D617E69BE34}.Release|ARM.ActiveCfg = Release|iPhone
		{41B4E0BA-7582-49D0-8C1E-1D617E69BE34}.Release|ARM.Build.0 = Release|iPhone
		{41B4E0BA-7582-49D0-8C1E-1D617E69BE34}.Release|ARM.Deploy.0 = Release|iPhone
		{41B4E0BA-7582-49D0-8C1E-1D617E69BE34}.Release|iPhone.ActiveCfg = Release|iPhone
		{41B4E0BA-7582-49D0-8C1E-1D617E69BE34}.Release|iPhone.Build.0 = Release|iPhone
		{41B4E0BA-7582-49D0-8C1E-1D617E69BE34}.Release|iPhone.Deploy.0 = Release|iPhone
		{41B4E0BA-7582-49D0-8C1E-1D617E69BE34}.Release|iPhoneSimulator.ActiveCfg = Release|iPhoneSimulator
		{41B4E0BA-7582-49D0-8C1E-1D617E69BE34}.Release|iPhoneSimulator.Build.0 = Release|iPhoneSimulator
		{41B4E0BA-7582-49D0-8C1E-1D617E69BE34}.Release|iPhoneSimulator.Deploy.0 = Release|iPhoneSimulator
		{41B4E0BA-7582-49D0-8C1E-1D617E69BE34}.Release|x64.ActiveCfg = Release|iPhone
		{41B4E0BA-7582-49D0-8C1E-1D617E69BE34}.Release|x64.Build.0 = Release|iPhone
		{41B4E0BA-7582-49D0-8C1E-1D617E69BE34}.Release|x64.Deploy.0 = Release|iPhone
		{41B4E0BA-7582-49D0-8C1E-1D617E69BE34}.Release|x86.ActiveCfg = Release|iPhone
		{41B4E0BA-7582-49D0-8C1E-1D617E69BE34}.Release|x86.Build.0 = Release|iPhone
		{41B4E0BA-7582-49D0-8C1E-1D617E69BE34}.Release|x86.Deploy.0 = Release|iPhone
		{857D58FF-C25D-4A17-A541-AD260548C65D}.Ad-Hoc|Any CPU.ActiveCfg = Release|x86
		{857D58FF-C25D-4A17-A541-AD260548C65D}.Ad-Hoc|Any CPU.Build.0 = Release|x86
		{857D58FF-C25D-4A17-A541-AD260548C65D}.Ad-Hoc|Any CPU.Deploy.0 = Release|x86
		{857D58FF-C25D-4A17-A541-AD260548C65D}.Ad-Hoc|ARM.ActiveCfg = Release|ARM
		{857D58FF-C25D-4A17-A541-AD260548C65D}.Ad-Hoc|ARM.Build.0 = Release|ARM
		{857D58FF-C25D-4A17-A541-AD260548C65D}.Ad-Hoc|ARM.Deploy.0 = Release|ARM
		{857D58FF-C25D-4A17-A541-AD260548C65D}.Ad-Hoc|iPhone.ActiveCfg = Release|x86
		{857D58FF-C25D-4A17-A541-AD260548C65D}.Ad-Hoc|iPhone.Build.0 = Release|x86
		{857D58FF-C25D-4A17-A541-AD260548C65D}.Ad-Hoc|iPhone.Deploy.0 = Release|x86
		{857D58FF-C25D-4A17-A541-AD260548C65D}.Ad-Hoc|iPhoneSimulator.ActiveCfg = Release|x86
		{857D58FF-C25D-4A17-A541-AD260548C65D}.Ad-Hoc|iPhoneSimulator.Build.0 = Release|x86
		{857D58FF-C25D-4A17-A541-AD260548C65D}.Ad-Hoc|iPhoneSimulator.Deploy.0 = Release|x86
		{857D58FF-C25D-4A17-A541-AD260548C65D}.Ad-Hoc|x64.ActiveCfg = Release|x64
		{857D58FF-C25D-4A17-A541-AD260548C65D}.Ad-Hoc|x64.Build.0 = Release|x64
		{857D58FF-C25D-4A17-A541-AD260548C65D}.Ad-Hoc|x64.Deploy.0 = Release|x64
		{857D58FF-C25D-4A17-A541-AD260548C65D}.Ad-Hoc|x86.ActiveCfg = Release|x86
		{857D58FF-C25D-4A17-A541-AD260548C65D}.Ad-Hoc|x86.Build.0 = Release|x86
		{857D58FF-C25D-4A17-A541-AD260548C65D}.Ad-Hoc|x86.Deploy.0 = Release|x86
		{857D58FF-C25D-4A17-A541-AD260548C65D}.AppStore|Any CPU.ActiveCfg = Release|x86
		{857D58FF-C25D-4A17-A541-AD260548C65D}.AppStore|Any CPU.Build.0 = Release|x86
		{857D58FF-C25D-4A17-A541-AD260548C65D}.AppStore|Any CPU.Deploy.0 = Release|x86
		{857D58FF-C25D-4A17-A541-AD260548C65D}.AppStore|ARM.ActiveCfg = Release|ARM
		{857D58FF-C25D-4A17-A541-AD260548C65D}.AppStore|ARM.Build.0 = Release|ARM
		{857D58FF-C25D-4A17-A541-AD260548C65D}.AppStore|ARM.Deploy.0 = Release|ARM
		{857D58FF-C25D-4A17-A541-AD260548C65D}.AppStore|iPhone.ActiveCfg = Release|x86
		{857D58FF-C25D-4A17-A541-AD260548C65D}.AppStore|iPhone.Build.0 = Release|x86
		{857D58FF-C25D-4A17-A541-AD260548C65D}.AppStore|iPhone.Deploy.0 = Release|x86
		{857D58FF-C25D-4A17-A541-AD260548C65D}.AppStore|iPhoneSimulator.ActiveCfg = Release|x86
		{857D58FF-C25D-4A17-A541-AD260548C65D}.AppStore|iPhoneSimulator.Build.0 = Release|x86
		{857D58FF-C25D-4A17-A541-AD260548C65D}.AppStore|iPhoneSimulator.Deploy.0 = Release|x86
		{857D58FF-C25D-4A17-A541-AD260548C65D}.AppStore|x64.ActiveCfg = Release|x64
		{857D58FF-C25D-4A17-A541-AD260548C65D}.AppStore|x64.Build.0 = Release|x64
		{857D58FF-C25D-4A17-A541-AD260548C65D}.AppStore|x64.Deploy.0 = Release|x64
		{857D58FF-C25D-4A17-A541-AD260548C65D}.AppStore|x86.ActiveCfg = Release|x86
		{857D58FF-C25D-4A17-A541-AD260548C65D}.AppStore|x86.Build.0 = Release|x86
		{857D58FF-C25D-4A17-A541-AD260548C65D}.AppStore|x86.Deploy.0 = Release|x86
		{857D58FF-C25D-4A17-A541-AD260548C65D}.Debug|Any CPU.ActiveCfg = Debug|x86
		{857D58FF-C25D-4A17-A541-AD260548C65D}.Debug|Any CPU.Build.0 = Debug|x86
		{857D58FF-C25D-4A17-A541-AD260548C65D}.Debug|Any CPU.Deploy.0 = Debug|x86
		{857D58FF-C25D-4A17-A541-AD260548C65D}.Debug|ARM.ActiveCfg = Debug|ARM
		{857D58FF-C25D-4A17-A541-AD260548C65D}.Debug|ARM.Build.0 = Debug|ARM
		{857D58FF-C25D-4A17-A541-AD260548C65D}.Debug|ARM.Deploy.0 = Debug|ARM
		{857D58FF-C25D-4A17-A541-AD260548C65D}.Debug|iPhone.ActiveCfg = Debug|x86
		{857D58FF-C25D-4A17-A541-AD260548C65D}.Debug|iPhone.Build.0 = Debug|x86
		{857D58FF-C25D-4A17-A541-AD260548C65D}.Debug|iPhone.Deploy.0 = Debug|x86
		{857D58FF-C25D-4A17-A541-AD260548C65D}.Debug|iPhoneSimulator.ActiveCfg = Debug|x86
		{857D58FF-C25D-4A17-A541-AD260548C65D}.Debug|iPhoneSimulator.Build.0 = Debug|x86
		{857D58FF-C25D-4A17-A541-AD260548C65D}.Debug|iPhoneSimulator.Deploy.0 = Debug|x86
		{857D58FF-C25D-4A17-A541-AD260548C65D}.Debug|x64.ActiveCfg = Debug|x64
		{857D58FF-C25D-4A17-A541-AD260548C65D}.Debug|x64.Build.0 = Debug|x64
		{857D58FF-C25D-4A17-A541-AD260548C65D}.Debug|x64.Deploy.0 = Debug|x64
		{857D58FF-C25D-4A17-A541-AD260548C65D}.Debug|x86.ActiveCfg = Debug|x86
		{857D58FF-C25D-4A17-A541-AD260548C65D}.Debug|x86.Build.0 = Debug|x86
		{857D58FF-C25D-4A17-A541-AD260548C65D}.Debug|x86.Deploy.0 = Debug|x86
		{857D58FF-C25D-4A17-A541-AD260548C65D}.Release|Any CPU.ActiveCfg = Release|x86
		{857D58FF-C25D-4A17-A541-AD260548C65D}.Release|Any CPU.Build.0 = Release|x86
		{857D58FF-C25D-4A17-A541-AD260548C65D}.Release|Any CPU.Deploy.0 = Release|x86
		{857D58FF-C25D-4A17-A541-AD260548C65D}.Release|ARM.ActiveCfg = Release|ARM
		{857D58FF-C25D-4A17-A541-AD260548C65D}.Release|ARM.Build.0 = Release|ARM
		{857D58FF-C25D-4A17-A541-AD260548C65D}.Release|ARM.Deploy.0 = Release|ARM
		{857D58FF-C25D-4A17-A541-AD260548C65D}.Release|iPhone.ActiveCfg = Release|x86
		{857D58FF-C25D-4A17-A541-AD260548C65D}.Release|iPhone.Build.0 = Release|x86
		{857D58FF-C25D-4A17-A541-AD260548C65D}.Release|iPhone.Deploy.0 = Release|x86
		{857D58FF-C25D-4A17-A541-AD260548C65D}.Release|iPhoneSimulator.ActiveCfg = Release|x86
		{857D58FF-C25D-4A17-A541-AD260548C65D}.Release|iPhoneSimulator.Build.0 = Release|x86
		{857D58FF-C25D-4A17-A541-AD260548C65D}.Release|iPhoneSimulator.Deploy.0 = Release|x86
		{857D58FF-C25D-4A17-A541-AD260548C65D}.Release|x64.ActiveCfg = Release|x64
		{857D58FF-C25D-4A17-A541-AD260548C65D}.Release|x64.Build.0 = Release|x64
		{857D58FF-C25D-4A17-A541-AD260548C65D}.Release|x64.Deploy.0 = Release|x64
		{857D58FF-C25D-4A17-A541-AD260548C65D}.Release|x86.ActiveCfg = Release|x86
		{857D58FF-C25D-4A17-A541-AD260548C65D}.Release|x86.Build.0 = Release|x86
		{857D58FF-C25D-4A17-A541-AD260548C65D}.Release|x86.Deploy.0 = Release|x86
		{E0B16A54-3075-426C-839D-6C0899D5AEE0}.Ad-Hoc|Any CPU.ActiveCfg = Debug|Any CPU
		{E0B16A54-3075-426C-839D-6C0899D5AEE0}.Ad-Hoc|Any CPU.Build.0 = Debug|Any CPU
		{E0B16A54-3075-426C-839D-6C0899D5AEE0}.Ad-Hoc|Any CPU.Deploy.0 = Debug|Any CPU
		{E0B16A54-3075-426C-839D-6C0899D5AEE0}.Ad-Hoc|ARM.ActiveCfg = Debug|Any CPU
		{E0B16A54-3075-426C-839D-6C0899D5AEE0}.Ad-Hoc|ARM.Build.0 = Debug|Any CPU
		{E0B16A54-3075-426C-839D-6C0899D5AEE0}.Ad-Hoc|ARM.Deploy.0 = Debug|Any CPU
		{E0B16A54-3075-426C-839D-6C0899D5AEE0}.Ad-Hoc|iPhone.ActiveCfg = Debug|Any CPU
		{E0B16A54-3075-426C-839D-6C0899D5AEE0}.Ad-Hoc|iPhone.Build.0 = Debug|Any CPU
		{E0B16A54-3075-426C-839D-6C0899D5AEE0}.Ad-Hoc|iPhone.Deploy.0 = Debug|Any CPU
		{E0B16A54-3075-426C-839D-6C0899D5AEE0}.Ad-Hoc|iPhoneSimulator.ActiveCfg = Debug|Any CPU
		{E0B16A54-3075-426C-839D-6C0899D5AEE0}.Ad-Hoc|iPhoneSimulator.Build.0 = Debug|Any CPU
		{E0B16A54-3075-426C-839D-6C0899D5AEE0}.Ad-Hoc|iPhoneSimulator.Deploy.0 = Debug|Any CPU
		{E0B16A54-3075-426C-839D-6C0899D5AEE0}.Ad-Hoc|x64.ActiveCfg = Debug|Any CPU
		{E0B16A54-3075-426C-839D-6C0899D5AEE0}.Ad-Hoc|x64.Build.0 = Debug|Any CPU
		{E0B16A54-3075-426C-839D-6C0899D5AEE0}.Ad-Hoc|x64.Deploy.0 = Debug|Any CPU
		{E0B16A54-3075-426C-839D-6C0899D5AEE0}.Ad-Hoc|x86.ActiveCfg = Debug|Any CPU
		{E0B16A54-3075-426C-839D-6C0899D5AEE0}.Ad-Hoc|x86.Build.0 = Debug|Any CPU
		{E0B16A54-3075-426C-839D-6C0899D5AEE0}.Ad-Hoc|x86.Deploy.0 = Debug|Any CPU
		{E0B16A54-3075-426C-839D-6C0899D5AEE0}.AppStore|Any CPU.ActiveCfg = Debug|Any CPU
		{E0B16A54-3075-426C-839D-6C0899D5AEE0}.AppStore|Any CPU.Build.0 = Debug|Any CPU
		{E0B16A54-3075-426C-839D-6C0899D5AEE0}.AppStore|Any CPU.Deploy.0 = Debug|Any CPU
		{E0B16A54-3075-426C-839D-6C0899D5AEE0}.AppStore|ARM.ActiveCfg = Debug|Any CPU
		{E0B16A54-3075-426C-839D-6C0899D5AEE0}.AppStore|ARM.Build.0 = Debug|Any CPU
		{E0B16A54-3075-426C-839D-6C0899D5AEE0}.AppStore|ARM.Deploy.0 = Debug|Any CPU
		{E0B16A54-3075-426C-839D-6C0899D5AEE0}.AppStore|iPhone.ActiveCfg = Debug|Any CPU
		{E0B16A54-3075-426C-839D-6C0899D5AEE0}.AppStore|iPhone.Build.0 = Debug|Any CPU
		{E0B16A54-3075-426C-839D-6C0899D5AEE0}.AppStore|iPhone.Deploy.0 = Debug|Any CPU
		{E0B16A54-3075-426C-839D-6C0899D5AEE0}.AppStore|iPhoneSimulator.ActiveCfg = Debug|Any CPU
		{E0B16A54-3075-426C-839D-6C0899D5AEE0}.AppStore|iPhoneSimulator.Build.0 = Debug|Any CPU
		{E0B16A54-3075-426C-839D-6C0899D5AEE0}.AppStore|iPhoneSimulator.Deploy.0 = Debug|Any CPU
		{E0B16A54-3075-426C-839D-6C0899D5AEE0}.AppStore|x64.ActiveCfg = Debug|Any CPU
		{E0B16A54-3075-426C-839D-6C0899D5AEE0}.AppStore|x64.Build.0 = Debug|Any CPU
		{E0B16A54-3075-426C-839D-6C0899D5AEE0}.AppStore|x64.Deploy.0 = Debug|Any CPU
		{E0B16A54-3075-426C-839D-6C0899D5AEE0}.AppStore|x86.ActiveCfg = Debug|Any CPU
		{E0B16A54-3075-426C-839D-6C0899D5AEE0}.AppStore|x86.Build.0 = Debug|Any CPU
		{E0B16A54-3075-426C-839D-6C0899D5AEE0}.AppStore|x86.Deploy.0 = Debug|Any CPU
		{E0B16A54-3075-426C-839D-6C0899D5AEE0}.Debug|Any CPU.ActiveCfg = Debug|Any CPU
		{E0B16A54-3075-426C-839D-6C0899D5AEE0}.Debug|Any CPU.Build.0 = Debug|Any CPU
		{E0B16A54-3075-426C-839D-6C0899D5AEE0}.Debug|Any CPU.Deploy.0 = Debug|Any CPU
		{E0B16A54-3075-426C-839D-6C0899D5AEE0}.Debug|ARM.ActiveCfg = Debug|Any CPU
		{E0B16A54-3075-426C-839D-6C0899D5AEE0}.Debug|ARM.Build.0 = Debug|Any CPU
		{E0B16A54-3075-426C-839D-6C0899D5AEE0}.Debug|ARM.Deploy.0 = Debug|Any CPU
		{E0B16A54-3075-426C-839D-6C0899D5AEE0}.Debug|iPhone.ActiveCfg = Debug|Any CPU
		{E0B16A54-3075-426C-839D-6C0899D5AEE0}.Debug|iPhone.Build.0 = Debug|Any CPU
		{E0B16A54-3075-426C-839D-6C0899D5AEE0}.Debug|iPhone.Deploy.0 = Debug|Any CPU
		{E0B16A54-3075-426C-839D-6C0899D5AEE0}.Debug|iPhoneSimulator.ActiveCfg = Debug|Any CPU
		{E0B16A54-3075-426C-839D-6C0899D5AEE0}.Debug|iPhoneSimulator.Build.0 = Debug|Any CPU
		{E0B16A54-3075-426C-839D-6C0899D5AEE0}.Debug|iPhoneSimulator.Deploy.0 = Debug|Any CPU
		{E0B16A54-3075-426C-839D-6C0899D5AEE0}.Debug|x64.ActiveCfg = Debug|Any CPU
		{E0B16A54-3075-426C-839D-6C0899D5AEE0}.Debug|x64.Build.0 = Debug|Any CPU
		{E0B16A54-3075-426C-839D-6C0899D5AEE0}.Debug|x64.Deploy.0 = Debug|Any CPU
		{E0B16A54-3075-426C-839D-6C0899D5AEE0}.Debug|x86.ActiveCfg = Debug|Any CPU
		{E0B16A54-3075-426C-839D-6C0899D5AEE0}.Debug|x86.Build.0 = Debug|Any CPU
		{E0B16A54-3075-426C-839D-6C0899D5AEE0}.Debug|x86.Deploy.0 = Debug|Any CPU
		{E0B16A54-3075-426C-839D-6C0899D5AEE0}.Release|Any CPU.ActiveCfg = Release|Any CPU
		{E0B16A54-3075-426C-839D-6C0899D5AEE0}.Release|Any CPU.Build.0 = Release|Any CPU
		{E0B16A54-3075-426C-839D-6C0899D5AEE0}.Release|Any CPU.Deploy.0 = Release|Any CPU
		{E0B16A54-3075-426C-839D-6C0899D5AEE0}.Release|ARM.ActiveCfg = Release|Any CPU
		{E0B16A54-3075-426C-839D-6C0899D5AEE0}.Release|ARM.Build.0 = Release|Any CPU
		{E0B16A54-3075-426C-839D-6C0899D5AEE0}.Release|ARM.Deploy.0 = Release|Any CPU
		{E0B16A54-3075-426C-839D-6C0899D5AEE0}.Release|iPhone.ActiveCfg = Release|Any CPU
		{E0B16A54-3075-426C-839D-6C0899D5AEE0}.Release|iPhone.Build.0 = Release|Any CPU
		{E0B16A54-3075-426C-839D-6C0899D5AEE0}.Release|iPhone.Deploy.0 = Release|Any CPU
		{E0B16A54-3075-426C-839D-6C0899D5AEE0}.Release|iPhoneSimulator.ActiveCfg = Release|Any CPU
		{E0B16A54-3075-426C-839D-6C0899D5AEE0}.Release|iPhoneSimulator.Build.0 = Release|Any CPU
		{E0B16A54-3075-426C-839D-6C0899D5AEE0}.Release|iPhoneSimulator.Deploy.0 = Release|Any CPU
		{E0B16A54-3075-426C-839D-6C0899D5AEE0}.Release|x64.ActiveCfg = Release|Any CPU
		{E0B16A54-3075-426C-839D-6C0899D5AEE0}.Release|x64.Build.0 = Release|Any CPU
		{E0B16A54-3075-426C-839D-6C0899D5AEE0}.Release|x64.Deploy.0 = Release|Any CPU
		{E0B16A54-3075-426C-839D-6C0899D5AEE0}.Release|x86.ActiveCfg = Release|Any CPU
		{E0B16A54-3075-426C-839D-6C0899D5AEE0}.Release|x86.Build.0 = Release|Any CPU
		{E0B16A54-3075-426C-839D-6C0899D5AEE0}.Release|x86.Deploy.0 = Release|Any CPU
	EndGlobalSection
	GlobalSection(SolutionProperties) = preSolution
		HideSolutionNode = FALSE
	EndGlobalSection
	GlobalSection(NestedProjects) = preSolution
		{4527A600-5B8E-4D82-B55E-DD4EDF06409F} = {A1071FA2-D2CD-42B2-9FDB-A1B57BEDB351}
		{41B4E0BA-7582-49D0-8C1E-1D617E69BE34} = {A1071FA2-D2CD-42B2-9FDB-A1B57BEDB351}
		{857D58FF-C25D-4A17-A541-AD260548C65D} = {A1071FA2-D2CD-42B2-9FDB-A1B57BEDB351}
	EndGlobalSection
	GlobalSection(ExtensibilityGlobals) = postSolution
		SolutionGuid = {3EEB6998-C9F0-4837-9537-2A835D045375}
	EndGlobalSection
EndGlobal
